
Microsoft Visual Studio Solution File, Format Version 12.00
# Visual Studio Version 16
VisualStudioVersion = 16.0.31624.102
MinimumVisualStudioVersion = 10.0.40219.1
Project("{FAE04EC0-301F-11D3-BF4B-00C04F79EFBC}") = "ProgLibraryApp", "ProgLibraryApp\ProgLibraryApp.csproj", "{54204B28-6939-4D68-8304-93D32AB23233}"
EndProject
Global
	GlobalSection(SolutionConfigurationPlatforms) = preSolution
		Debug|Any CPU = Debug|Any CPU
		Release|Any CPU = Release|Any CPU
	EndGlobalSection
	GlobalSection(ProjectConfigurationPlatforms) = postSolution
		{54204B28-6939-4D68-8304-93D32AB23233}.Debug|Any CPU.ActiveCfg = Debug|Any CPU
		{54204B28-6939-4D68-8304-93D32AB23233}.Debug|Any CPU.Build.0 = Debug|Any CPU
		{54204B28-6939-4D68-8304-93D32AB23233}.Release|Any CPU.ActiveCfg = Release|Any CPU
		{54204B28-6939-4D68-8304-93D32AB23233}.Release|Any CPU.Build.0 = Release|Any CPU
	EndGlobalSection
	GlobalSection(SolutionProperties) = preSolution
		HideSolutionNode = FALSE
	EndGlobalSection
	GlobalSection(ExtensibilityGlobals) = postSolution
		SolutionGuid = {E260551F-E3EB-48EB-81BB-467659A439E3}
	EndGlobalSection
EndGlobal
